
Microsoft Visual Studio Solution File, Format Version 12.00
# Visual Studio 2015
Project("{FAE04EC0-301F-11D3-BF4B-00C04F79EFBC}") = "FacebookSDKTest.CSharp", "FacebookSDKTest.CSharp.csproj", "{0AE53D64-52E4-0AA0-86B4-2CF04C2BABEA}"
EndProject
Project("{FAE04EC0-301F-11D3-BF4B-00C04F79EFBC}") = "FacebookSDKTest.CSharp.Editor", "FacebookSDKTest.CSharp.Editor.csproj", "{F1AD35DE-EE1A-7B0F-0231-0DE416828F8E}"
EndProject
Global
	GlobalSection(SolutionConfigurationPlatforms) = preSolution
		Debug|Any CPU = Debug|Any CPU
		Release|Any CPU = Release|Any CPU
	EndGlobalSection
	GlobalSection(ProjectConfigurationPlatforms) = postSolution
		{0AE53D64-52E4-0AA0-86B4-2CF04C2BABEA}.Debug|Any CPU.ActiveCfg = Debug|Any CPU
		{0AE53D64-52E4-0AA0-86B4-2CF04C2BABEA}.Debug|Any CPU.Build.0 = Debug|Any CPU
		{0AE53D64-52E4-0AA0-86B4-2CF04C2BABEA}.Release|Any CPU.ActiveCfg = Release|Any CPU
		{0AE53D64-52E4-0AA0-86B4-2CF04C2BABEA}.Release|Any CPU.Build.0 = Release|Any CPU
		{F1AD35DE-EE1A-7B0F-0231-0DE416828F8E}.Debug|Any CPU.ActiveCfg = Debug|Any CPU
		{F1AD35DE-EE1A-7B0F-0231-0DE416828F8E}.Debug|Any CPU.Build.0 = Debug|Any CPU
		{F1AD35DE-EE1A-7B0F-0231-0DE416828F8E}.Release|Any CPU.ActiveCfg = Release|Any CPU
		{F1AD35DE-EE1A-7B0F-0231-0DE416828F8E}.Release|Any CPU.Build.0 = Release|Any CPU
	EndGlobalSection
	GlobalSection(SolutionProperties) = preSolution
		HideSolutionNode = FALSE
	EndGlobalSection
EndGlobal
